
Microsoft Visual Studio Solution File, Format Version 12.00
# Visual Studio Version 17
VisualStudioVersion = 17.7.34003.232
MinimumVisualStudioVersion = 10.0.40219.1
Project("{FAE04EC0-301F-11D3-BF4B-00C04F79EFBC}") = "SistemaInventario", "SistemaInventario\SistemaInventario.csproj", "{62AAD0EA-7A6B-4CA2-941F-2C4CFE3BF7EA}"
EndProject
Project("{FAE04EC0-301F-11D3-BF4B-00C04F79EFBC}") = "SistemaInventario.AccesoDatos", "SistemaInventario.AccesoDatos\SistemaInventario.AccesoDatos.csproj", "{4388C11C-270B-4F62-BD8D-3AD8895F4E0F}"
EndProject
Project("{FAE04EC0-301F-11D3-BF4B-00C04F79EFBC}") = "SistemaInventario.Modelos", "SistemaInventario.Modelos\SistemaInventario.Modelos.csproj", "{8BE56645-BBA4-4347-A92B-6CF563102E8A}"
EndProject
Project("{FAE04EC0-301F-11D3-BF4B-00C04F79EFBC}") = "SistemaInventario.Utilidades", "SistemaInventario.Utilidades\SistemaInventario.Utilidades.csproj", "{9E7B4468-435E-4D43-A2F3-2180A618747B}"
EndProject
Global
	GlobalSection(SolutionConfigurationPlatforms) = preSolution
		Debug|Any CPU = Debug|Any CPU
		Release|Any CPU = Release|Any CPU
	EndGlobalSection
	GlobalSection(ProjectConfigurationPlatforms) = postSolution
		{62AAD0EA-7A6B-4CA2-941F-2C4CFE3BF7EA}.Debug|Any CPU.ActiveCfg = Debug|Any CPU
		{62AAD0EA-7A6B-4CA2-941F-2C4CFE3BF7EA}.Debug|Any CPU.Build.0 = Debug|Any CPU
		{62AAD0EA-7A6B-4CA2-941F-2C4CFE3BF7EA}.Release|Any CPU.ActiveCfg = Release|Any CPU
		{62AAD0EA-7A6B-4CA2-941F-2C4CFE3BF7EA}.Release|Any CPU.Build.0 = Release|Any CPU
		{4388C11C-270B-4F62-BD8D-3AD8895F4E0F}.Debug|Any CPU.ActiveCfg = Debug|Any CPU
		{4388C11C-270B-4F62-BD8D-3AD8895F4E0F}.Debug|Any CPU.Build.0 = Debug|Any CPU
		{4388C11C-270B-4F62-BD8D-3AD8895F4E0F}.Release|Any CPU.ActiveCfg = Release|Any CPU
		{4388C11C-270B-4F62-BD8D-3AD8895F4E0F}.Release|Any CPU.Build.0 = Release|Any CPU
		{8BE56645-BBA4-4347-A92B-6CF563102E8A}.Debug|Any CPU.ActiveCfg = Debug|Any CPU
		{8BE56645-BBA4-4347-A92B-6CF563102E8A}.Debug|Any CPU.Build.0 = Debug|Any CPU
		{8BE56645-BBA4-4347-A92B-6CF563102E8A}.Release|Any CPU.ActiveCfg = Release|Any CPU
		{8BE56645-BBA4-4347-A92B-6CF563102E8A}.Release|Any CPU.Build.0 = Release|Any CPU
		{9E7B4468-435E-4D43-A2F3-2180A618747B}.Debug|Any CPU.ActiveCfg = Debug|Any CPU
		{9E7B4468-435E-4D43-A2F3-2180A618747B}.Debug|Any CPU.Build.0 = Debug|Any CPU
		{9E7B4468-435E-4D43-A2F3-2180A618747B}.Release|Any CPU.ActiveCfg = Release|Any CPU
		{9E7B4468-435E-4D43-A2F3-2180A618747B}.Release|Any CPU.Build.0 = Release|Any CPU
	EndGlobalSection
	GlobalSection(SolutionProperties) = preSolution
		HideSolutionNode = FALSE
	EndGlobalSection
	GlobalSection(ExtensibilityGlobals) = postSolution
		SolutionGuid = {3E304BEE-D6C2-4E09-96C2-EADE9C5FB559}
	EndGlobalSection
EndGlobal
